github.com/bmatcuk/doublestar/v4 v4.6.1 h1:FH9SifrbvJhnlQpztAx++wlkk70QBf0iBWDwNy7PA4I=
github.com/bmatcuk/doublestar/v4 v4.6.1/go.mod h1:xBQ8jztBU6kakFMg+8WGxn0c6z1fTSPVIjEY1Wr7jzc=
github.com/fsnotify/fsnotify v1.7.0 h1:8JEhPFa5W2WU7YfeZzPNqzMP6Lwt7L2715Ggo0nosvA=
github.com/fsnotify/fsnotify v1.7.0/go.mod h1:40Bi/Hjc2AVfZrqy+aj+yEI+/bRxZnMJyTJwOpGvigM=
github.com/sean9999/GoCards v0.0.5 h1:HZ2N57ITuVcnfn8o/ru3pPqlo0onTdyw5O1mTMT4tRM=
github.com/sean9999/GoCards v0.0.5/go.mod h1:21YqLc+qDBGlHdndTm0spShWkq0kDvSfwFCnetiwphU=
github.com/sean9999/GoFunctional v0.0.8 h1:E8d/lUZreB4iHNJiuHugRACe/1Gs92SC0dieDB9lAtQ=
github.com/sean9999/GoFunctional v0.0.8/go.mod h1:EduEShASAZwJRpmcrvr3oMGVDo77b2dF0jpSBvttnec=
github.com/sean9999/go-fsnotify-recursively v0.1.3 h1:ab8Ka0sXWZpTEeDgoQ3ErBoPJVXlCIbfixX3qWT1/0Y=
github.com/sean9999/go-fsnotify-recursively v0.1.3/go.mod h1:fudY2EUxLVjbm9DUs9Qe6JOBgWqe4uOcMGmuPEaEzSU=
github.com/sean9999/rebouncer v1.0.2 h1:wUfztX/AL6Dmqmitv8R3ioMbYVCMqfEzNp2/KmH0AoU=
github.com/sean9999/rebouncer v1.0.2/go.mod h1:qIiQUxXPlzr3XzvRYbsJUbsma7dav8E0L1Dv/+FRaAM=
golang.org/x/crypto v0.23.0 h1:dIJU/v2J8Mdglj/8rJ6UUOM3Zc9zLZxVZwwxMooUSAI=
golang.org/x/crypto v0.23.0/go.mod h1:CKFgDieR+mRhux2Lsu27y0fO304Db0wZe70UKqHu0v8=
golang.org/x/net v0.21.0 h1:AQyQV4dYCvJ7vGmJyKki9+PBdyvhkSd8EIx/qb0AYv4=
golang.org/x/net v0.21.0/go.mod h1:bIjVDfnllIU7BJ2DNgfnXvpSvtn8VRwhlsaeUTyUS44=
golang.org/x/sys v0.20.0 h1:Od9JTbYCk261bKm4M/mw7AklTlFYIa0bIp9BgSm1S8Y=
golang.org/x/sys v0.20.0/go.mod h1:/VUhepiaJMQUp4+oa/7Zr1D23ma6VTLIYjOOTFZPUcA=
golang.org/x/text v0.15.0 h1:h1V/4gjBv8v9cjcR6+AR5+/cIYK5N/WAgiv4xlsEtAk=
golang.org/x/text v0.15.0/go.mod h1:18ZOQIKpY8NJVqYksKHtTdi31H5itFRjB5/qKTNYzSU=
